// !$*UTF8*$!
{
	archiveVersion = 1;
	classes = {
	};
	objectVersion = 46;
	objects = {

/* Begin PBXBuildFile section */
		4F44572F1ADF362700F949FD /* DifficultyViewController.m in Sources */ = {isa = PBXBuildFile; fileRef = 4F44572E1ADF362700F949FD /* DifficultyViewController.m */; };
		4F91A1F31AF07ABA00D0D047 /* GameEndViewController.m in Sources */ = {isa = PBXBuildFile; fileRef = 4F91A1F21AF07ABA00D0D047 /* GameEndViewController.m */; };
		4F93F6A81ADF66450043265D /* GameScene.m in Sources */ = {isa = PBXBuildFile; fileRef = 4F93F6A71ADF66450043265D /* GameScene.m */; };
		4F93F6AB1ADF6A1A0043265D /* GameViewController.m in Sources */ = {isa = PBXBuildFile; fileRef = 4F93F6AA1ADF6A1A0043265D /* GameViewController.m */; };
		4F93F6B11ADF79E00043265D /* Assets in Resources */ = {isa = PBXBuildFile; fileRef = 4F93F6B01ADF79E00043265D /* Assets */; };
		4FF0819C1ADE163C008BAABD /* Board.mm in Sources */ = {isa = PBXBuildFile; fileRef = 4FF081931ADE163C008BAABD /* Board.mm */; };
		4FF0819D1ADE163C008BAABD /* Game.mm in Sources */ = {isa = PBXBuildFile; fileRef = 4FF081951ADE163C008BAABD /* Game.mm */; };
		4FF0819E1ADE163C008BAABD /* Pair.m in Sources */ = {isa = PBXBuildFile; fileRef = 4FF081971ADE163C008BAABD /* Pair.m */; };
		4FF0819F1ADE163C008BAABD /* Piece.mm in Sources */ = {isa = PBXBuildFile; fileRef = 4FF081991ADE163C008BAABD /* Piece.mm */; };
		4FF081A01ADE163C008BAABD /* Timer.mm in Sources */ = {isa = PBXBuildFile; fileRef = 4FF0819B1ADE163C008BAABD /* Timer.mm */; };
		4FF081AB1ADE1661008BAABD /* Bomb.mm in Sources */ = {isa = PBXBuildFile; fileRef = 4FF081A41ADE1661008BAABD /* Bomb.mm */; };
		4FF081AC1ADE1661008BAABD /* Hint.mm in Sources */ = {isa = PBXBuildFile; fileRef = 4FF081A61ADE1661008BAABD /* Hint.mm */; };
		4FF081AD1ADE1661008BAABD /* TimeAdder.mm in Sources */ = {isa = PBXBuildFile; fileRef = 4FF081A81ADE1661008BAABD /* TimeAdder.mm */; };
		4FF081AE1ADE1661008BAABD /* Tool.mm in Sources */ = {isa = PBXBuildFile; fileRef = 4FF081AA1ADE1661008BAABD /* Tool.mm */; };
		4FF081B31ADE1EA6008BAABD /* Shuffle.mm in Sources */ = {isa = PBXBuildFile; fileRef = 4FF081B21ADE1EA6008BAABD /* Shuffle.mm */; };
		4FF081B51ADE3290008BAABD /* ToolTests.mm in Sources */ = {isa = PBXBuildFile; fileRef = 4FF081B41ADE3290008BAABD /* ToolTests.mm */; };
		4FFD04341AE96E7900CF7582 /* Images.xcassets in Resources */ = {isa = PBXBuildFile; fileRef = 4FFD04331AE96E7900CF7582 /* Images.xcassets */; };
		F16BDBFB1AE8580E0054D40E /* Sounds in Resources */ = {isa = PBXBuildFile; fileRef = F16BDBFA1AE8580E0054D40E /* Sounds */; };
		F16BDBFF1AE8AC800054D40E /* PopUpViewController.m in Sources */ = {isa = PBXBuildFile; fileRef = F16BDBFD1AE8AC800054D40E /* PopUpViewController.m */; };
		F16BDC001AE8AC800054D40E /* PopUpViewController.xib in Resources */ = {isa = PBXBuildFile; fileRef = F16BDBFE1AE8AC800054D40E /* PopUpViewController.xib */; };
		F1CC301E1AD631C200829240 /* main.m in Sources */ = {isa = PBXBuildFile; fileRef = F1CC301D1AD631C200829240 /* main.m */; };
		F1CC30211AD631C200829240 /* AppDelegate.m in Sources */ = {isa = PBXBuildFile; fileRef = F1CC30201AD631C200829240 /* AppDelegate.m */; };
		F1CC30241AD631C200829240 /* WelcomeScene.m in Sources */ = {isa = PBXBuildFile; fileRef = F1CC30231AD631C200829240 /* WelcomeScene.m */; };
		F1CC30291AD631C200829240 /* WelcomeViewController.m in Sources */ = {isa = PBXBuildFile; fileRef = F1CC30281AD631C200829240 /* WelcomeViewController.m */; };
		F1CC302C1AD631C200829240 /* Main.storyboard in Resources */ = {isa = PBXBuildFile; fileRef = F1CC302A1AD631C200829240 /* Main.storyboard */; };
		F1CC30311AD631C200829240 /* LaunchScreen.xib in Resources */ = {isa = PBXBuildFile; fileRef = F1CC302F1AD631C200829240 /* LaunchScreen.xib */; };
		F1CC303D1AD631C200829240 /* HanziMatchingTests.m in Sources */ = {isa = PBXBuildFile; fileRef = F1CC303C1AD631C200829240 /* HanziMatchingTests.m */; };
		F1CC30641AD6323100829240 /* BoardTests.mm in Sources */ = {isa = PBXBuildFile; fileRef = F1CC30601AD6323100829240 /* BoardTests.mm */; };
		F1CC30651AD6323100829240 /* GameTests.mm in Sources */ = {isa = PBXBuildFile; fileRef = F1CC30611AD6323100829240 /* GameTests.mm */; };
		F1CC30661AD6323100829240 /* PieceTests.mm in Sources */ = {isa = PBXBuildFile; fileRef = F1CC30621AD6323100829240 /* PieceTests.mm */; };
		F1CC30671AD6323100829240 /* TimerTests.mm in Sources */ = {isa = PBXBuildFile; fileRef = F1CC30631AD6323100829240 /* TimerTests.mm */; };
		F1F636821AF1F6F400A9CEC6 /* Bolts.framework in Frameworks */ = {isa = PBXBuildFile; fileRef = F1F636811AF1F6F400A9CEC6 /* Bolts.framework */; };
		F1F636851AF1F76000A9CEC6 /* FBSDKCoreKit.framework in Frameworks */ = {isa = PBXBuildFile; fileRef = F1F636831AF1F76000A9CEC6 /* FBSDKCoreKit.framework */; };
		F1F636861AF1F76000A9CEC6 /* FBSDKShareKit.framework in Frameworks */ = {isa = PBXBuildFile; fileRef = F1F636841AF1F76000A9CEC6 /* FBSDKShareKit.framework */; };
/* End PBXBuildFile section */

/* Begin PBXContainerItemProxy section */
		F1CC30371AD631C200829240 /* PBXContainerItemProxy */ = {
			isa = PBXContainerItemProxy;
			containerPortal = F1CC30101AD631C100829240 /* Project object */;
			proxyType = 1;
			remoteGlobalIDString = F1CC30171AD631C200829240;
			remoteInfo = HanziMatching;
		};
/* End PBXContainerItemProxy section */

/* Begin PBXFileReference section */
		4F44572D1ADF362700F949FD /* DifficultyViewController.h */ = {isa = PBXFileReference; fileEncoding = 4; lastKnownFileType = sourcecode.c.h; path = DifficultyViewController.h; sourceTree = "<group>"; };
		4F44572E1ADF362700F949FD /* DifficultyViewController.m */ = {isa = PBXFileReference; fileEncoding = 4; lastKnownFileType = sourcecode.c.objc; path = DifficultyViewController.m; sourceTree = "<group>"; };
		4F91A1F11AF07ABA00D0D047 /* GameEndViewController.h */ = {isa = PBXFileReference; fileEncoding = 4; lastKnownFileType = sourcecode.c.h; path = GameEndViewController.h; sourceTree = "<group>"; };
		4F91A1F21AF07ABA00D0D047 /* GameEndViewController.m */ = {isa = PBXFileReference; fileEncoding = 4; lastKnownFileType = sourcecode.c.objc; path = GameEndViewController.m; sourceTree = "<group>"; };
		4F93F6A61ADF66450043265D /* GameScene.h */ = {isa = PBXFileReference; fileEncoding = 4; lastKnownFileType = sourcecode.c.h; path = GameScene.h; sourceTree = "<group>"; };
		4F93F6A71ADF66450043265D /* GameScene.m */ = {isa = PBXFileReference; fileEncoding = 4; lastKnownFileType = sourcecode.c.objc; path = GameScene.m; sourceTree = "<group>"; };
		4F93F6A91ADF6A1A0043265D /* GameViewController.h */ = {isa = PBXFileReference; fileEncoding = 4; lastKnownFileType = sourcecode.c.h; path = GameViewController.h; sourceTree = "<group>"; };
		4F93F6AA1ADF6A1A0043265D /* GameViewController.m */ = {isa = PBXFileReference; fileEncoding = 4; lastKnownFileType = sourcecode.c.objc; path = GameViewController.m; sourceTree = "<group>"; };
		4F93F6B01ADF79E00043265D /* Assets */ = {isa = PBXFileReference; lastKnownFileType = folder; path = Assets; sourceTree = "<group>"; };
		4FF081921ADE163C008BAABD /* Board.h */ = {isa = PBXFileReference; fileEncoding = 4; lastKnownFileType = sourcecode.c.h; name = Board.h; path = HanziMatching/Model/Board.h; sourceTree = "<group>"; };
		4FF081931ADE163C008BAABD /* Board.mm */ = {isa = PBXFileReference; fileEncoding = 4; lastKnownFileType = sourcecode.cpp.objcpp; name = Board.mm; path = HanziMatching/Model/Board.mm; sourceTree = "<group>"; };
		4FF081941ADE163C008BAABD /* Game.h */ = {isa = PBXFileReference; fileEncoding = 4; lastKnownFileType = sourcecode.c.h; name = Game.h; path = HanziMatching/Model/Game.h; sourceTree = "<group>"; };
		4FF081951ADE163C008BAABD /* Game.mm */ = {isa = PBXFileReference; fileEncoding = 4; lastKnownFileType = sourcecode.cpp.objcpp; name = Game.mm; path = HanziMatching/Model/Game.mm; sourceTree = "<group>"; };
		4FF081961ADE163C008BAABD /* Pair.h */ = {isa = PBXFileReference; fileEncoding = 4; lastKnownFileType = sourcecode.c.h; name = Pair.h; path = HanziMatching/Model/Pair.h; sourceTree = "<group>"; };
		4FF081971ADE163C008BAABD /* Pair.m */ = {isa = PBXFileReference; fileEncoding = 4; lastKnownFileType = sourcecode.c.objc; name = Pair.m; path = HanziMatching/Model/Pair.m; sourceTree = "<group>"; };
		4FF081981ADE163C008BAABD /* Piece.h */ = {isa = PBXFileReference; fileEncoding = 4; lastKnownFileType = sourcecode.c.h; name = Piece.h; path = HanziMatching/Model/Piece.h; sourceTree = "<group>"; };
		4FF081991ADE163C008BAABD /* Piece.mm */ = {isa = PBXFileReference; fileEncoding = 4; lastKnownFileType = sourcecode.cpp.objcpp; name = Piece.mm; path = HanziMatching/Model/Piece.mm; sourceTree = "<group>"; };
		4FF0819A1ADE163C008BAABD /* Timer.h */ = {isa = PBXFileReference; fileEncoding = 4; lastKnownFileType = sourcecode.c.h; name = Timer.h; path = HanziMatching/Model/Timer.h; sourceTree = "<group>"; };
		4FF0819B1ADE163C008BAABD /* Timer.mm */ = {isa = PBXFileReference; fileEncoding = 4; lastKnownFileType = sourcecode.cpp.objcpp; name = Timer.mm; path = HanziMatching/Model/Timer.mm; sourceTree = "<group>"; };
		4FF081A31ADE1661008BAABD /* Bomb.h */ = {isa = PBXFileReference; fileEncoding = 4; lastKnownFileType = sourcecode.c.h; name = Bomb.h; path = HanziMatching/Model/Tools/Bomb.h; sourceTree = "<group>"; };
		4FF081A41ADE1661008BAABD /* Bomb.mm */ = {isa = PBXFileReference; fileEncoding = 4; lastKnownFileType = sourcecode.cpp.objcpp; name = Bomb.mm; path = HanziMatching/Model/Tools/Bomb.mm; sourceTree = "<group>"; };
		4FF081A51ADE1661008BAABD /* Hint.h */ = {isa = PBXFileReference; fileEncoding = 4; lastKnownFileType = sourcecode.c.h; name = Hint.h; path = HanziMatching/Model/Tools/Hint.h; sourceTree = "<group>"; };
		4FF081A61ADE1661008BAABD /* Hint.mm */ = {isa = PBXFileReference; fileEncoding = 4; lastKnownFileType = sourcecode.cpp.objcpp; name = Hint.mm; path = HanziMatching/Model/Tools/Hint.mm; sourceTree = "<group>"; };
		4FF081A71ADE1661008BAABD /* TimeAdder.h */ = {isa = PBXFileReference; fileEncoding = 4; lastKnownFileType = sourcecode.c.h; name = TimeAdder.h; path = HanziMatching/Model/Tools/TimeAdder.h; sourceTree = "<group>"; };
		4FF081A81ADE1661008BAABD /* TimeAdder.mm */ = {isa = PBXFileReference; fileEncoding = 4; lastKnownFileType = sourcecode.cpp.objcpp; name = TimeAdder.mm; path = HanziMatching/Model/Tools/TimeAdder.mm; sourceTree = "<group>"; };
		4FF081A91ADE1661008BAABD /* Tool.h */ = {isa = PBXFileReference; fileEncoding = 4; lastKnownFileType = sourcecode.c.h; name = Tool.h; path = HanziMatching/Model/Tools/Tool.h; sourceTree = "<group>"; };
		4FF081AA1ADE1661008BAABD /* Tool.mm */ = {isa = PBXFileReference; fileEncoding = 4; lastKnownFileType = sourcecode.cpp.objcpp; name = Tool.mm; path = HanziMatching/Model/Tools/Tool.mm; sourceTree = "<group>"; };
		4FF081B11ADE1C73008BAABD /* Shuffle.h */ = {isa = PBXFileReference; lastKnownFileType = sourcecode.c.h; name = Shuffle.h; path = HanziMatching/Model/Tools/Shuffle.h; sourceTree = "<group>"; };
		4FF081B21ADE1EA6008BAABD /* Shuffle.mm */ = {isa = PBXFileReference; fileEncoding = 4; lastKnownFileType = sourcecode.cpp.objcpp; name = Shuffle.mm; path = HanziMatching/Model/Tools/Shuffle.mm; sourceTree = "<group>"; };
		4FF081B41ADE3290008BAABD /* ToolTests.mm */ = {isa = PBXFileReference; fileEncoding = 4; lastKnownFileType = sourcecode.cpp.objcpp; path = ToolTests.mm; sourceTree = "<group>"; };
		4FFD04331AE96E7900CF7582 /* Images.xcassets */ = {isa = PBXFileReference; lastKnownFileType = folder.assetcatalog; path = Images.xcassets; sourceTree = "<group>"; };
		F16BDBFA1AE8580E0054D40E /* Sounds */ = {isa = PBXFileReference; lastKnownFileType = folder; path = Sounds; sourceTree = "<group>"; };
		F16BDBFC1AE8AC800054D40E /* PopUpViewController.h */ = {isa = PBXFileReference; fileEncoding = 4; lastKnownFileType = sourcecode.c.h; path = PopUpViewController.h; sourceTree = "<group>"; };
		F16BDBFD1AE8AC800054D40E /* PopUpViewController.m */ = {isa = PBXFileReference; fileEncoding = 4; lastKnownFileType = sourcecode.c.objc; path = PopUpViewController.m; sourceTree = "<group>"; };
		F16BDBFE1AE8AC800054D40E /* PopUpViewController.xib */ = {isa = PBXFileReference; fileEncoding = 4; lastKnownFileType = file.xib; path = PopUpViewController.xib; sourceTree = "<group>"; };
		F1CC30181AD631C200829240 /* HanziMatching.app */ = {isa = PBXFileReference; explicitFileType = wrapper.application; includeInIndex = 0; path = HanziMatching.app; sourceTree = BUILT_PRODUCTS_DIR; };
		F1CC301C1AD631C200829240 /* Info.plist */ = {isa = PBXFileReference; lastKnownFileType = text.plist.xml; path = Info.plist; sourceTree = "<group>"; };
		F1CC301D1AD631C200829240 /* main.m */ = {isa = PBXFileReference; lastKnownFileType = sourcecode.c.objc; path = main.m; sourceTree = "<group>"; };
		F1CC301F1AD631C200829240 /* AppDelegate.h */ = {isa = PBXFileReference; lastKnownFileType = sourcecode.c.h; path = AppDelegate.h; sourceTree = "<group>"; };
		F1CC30201AD631C200829240 /* AppDelegate.m */ = {isa = PBXFileReference; lastKnownFileType = sourcecode.c.objc; path = AppDelegate.m; sourceTree = "<group>"; };
		F1CC30221AD631C200829240 /* WelcomeScene.h */ = {isa = PBXFileReference; lastKnownFileType = sourcecode.c.h; path = WelcomeScene.h; sourceTree = "<group>"; };
		F1CC30231AD631C200829240 /* WelcomeScene.m */ = {isa = PBXFileReference; lastKnownFileType = sourcecode.c.objc; path = WelcomeScene.m; sourceTree = "<group>"; };
		F1CC30271AD631C200829240 /* WelcomeViewController.h */ = {isa = PBXFileReference; lastKnownFileType = sourcecode.c.h; path = WelcomeViewController.h; sourceTree = "<group>"; };
		F1CC30281AD631C200829240 /* WelcomeViewController.m */ = {isa = PBXFileReference; lastKnownFileType = sourcecode.c.objc; path = WelcomeViewController.m; sourceTree = "<group>"; };
		F1CC302B1AD631C200829240 /* Base */ = {isa = PBXFileReference; lastKnownFileType = file.storyboard; name = Base; path = Base.lproj/Main.storyboard; sourceTree = "<group>"; };
		F1CC30301AD631C200829240 /* Base */ = {isa = PBXFileReference; lastKnownFileType = file.xib; name = Base; path = Base.lproj/LaunchScreen.xib; sourceTree = "<group>"; };
		F1CC30361AD631C200829240 /* HanziMatchingTests.xctest */ = {isa = PBXFileReference; explicitFileType = wrapper.cfbundle; includeInIndex = 0; path = HanziMatchingTests.xctest; sourceTree = BUILT_PRODUCTS_DIR; };
		F1CC303B1AD631C200829240 /* Info.plist */ = {isa = PBXFileReference; lastKnownFileType = text.plist.xml; path = Info.plist; sourceTree = "<group>"; };
		F1CC303C1AD631C200829240 /* HanziMatchingTests.m */ = {isa = PBXFileReference; lastKnownFileType = sourcecode.c.objc; path = HanziMatchingTests.m; sourceTree = "<group>"; };
		F1CC30601AD6323100829240 /* BoardTests.mm */ = {isa = PBXFileReference; fileEncoding = 4; lastKnownFileType = sourcecode.cpp.objcpp; path = BoardTests.mm; sourceTree = "<group>"; };
		F1CC30611AD6323100829240 /* GameTests.mm */ = {isa = PBXFileReference; fileEncoding = 4; lastKnownFileType = sourcecode.cpp.objcpp; path = GameTests.mm; sourceTree = "<group>"; };
		F1CC30621AD6323100829240 /* PieceTests.mm */ = {isa = PBXFileReference; fileEncoding = 4; lastKnownFileType = sourcecode.cpp.objcpp; path = PieceTests.mm; sourceTree = "<group>"; };
		F1CC30631AD6323100829240 /* TimerTests.mm */ = {isa = PBXFileReference; fileEncoding = 4; lastKnownFileType = sourcecode.cpp.objcpp; path = TimerTests.mm; sourceTree = "<group>"; };
		F1F636811AF1F6F400A9CEC6 /* Bolts.framework */ = {isa = PBXFileReference; lastKnownFileType = wrapper.framework; path = Bolts.framework; sourceTree = "<group>"; };
		F1F636831AF1F76000A9CEC6 /* FBSDKCoreKit.framework */ = {isa = PBXFileReference; lastKnownFileType = wrapper.framework; path = FBSDKCoreKit.framework; sourceTree = "<group>"; };
		F1F636841AF1F76000A9CEC6 /* FBSDKShareKit.framework */ = {isa = PBXFileReference; lastKnownFileType = wrapper.framework; path = FBSDKShareKit.framework; sourceTree = "<group>"; };
/* End PBXFileReference section */

/* Begin PBXFrameworksBuildPhase section */
		F1CC30151AD631C200829240 /* Frameworks */ = {
			isa = PBXFrameworksBuildPhase;
			buildActionMask = 2147483647;
			files = (
				F1F636821AF1F6F400A9CEC6 /* Bolts.framework in Frameworks */,
				F1F636851AF1F76000A9CEC6 /* FBSDKCoreKit.framework in Frameworks */,
				F1F636861AF1F76000A9CEC6 /* FBSDKShareKit.framework in Frameworks */,
			);
			runOnlyForDeploymentPostprocessing = 0;
		};
		F1CC30331AD631C200829240 /* Frameworks */ = {
			isa = PBXFrameworksBuildPhase;
			buildActionMask = 2147483647;
			files = (
			);
			runOnlyForDeploymentPostprocessing = 0;
		};
/* End PBXFrameworksBuildPhase section */

/* Begin PBXGroup section */
		4FF081A11ADE1641008BAABD /* Model */ = {
			isa = PBXGroup;
			children = (
				4FF081A21ADE164F008BAABD /* Tool */,
				4FF081921ADE163C008BAABD /* Board.h */,
				4FF081931ADE163C008BAABD /* Board.mm */,
				4FF081941ADE163C008BAABD /* Game.h */,
				4FF081951ADE163C008BAABD /* Game.mm */,
				4FF081961ADE163C008BAABD /* Pair.h */,
				4FF081971ADE163C008BAABD /* Pair.m */,
				4FF081981ADE163C008BAABD /* Piece.h */,
				4FF081991ADE163C008BAABD /* Piece.mm */,
				4FF0819A1ADE163C008BAABD /* Timer.h */,
				4FF0819B1ADE163C008BAABD /* Timer.mm */,
			);
			name = Model;
			path = ..;
			sourceTree = "<group>";
		};
		4FF081A21ADE164F008BAABD /* Tool */ = {
			isa = PBXGroup;
			children = (
				4FF081A91ADE1661008BAABD /* Tool.h */,
				4FF081AA1ADE1661008BAABD /* Tool.mm */,
				4FF081A31ADE1661008BAABD /* Bomb.h */,
				4FF081A41ADE1661008BAABD /* Bomb.mm */,
				4FF081A51ADE1661008BAABD /* Hint.h */,
				4FF081A61ADE1661008BAABD /* Hint.mm */,
				4FF081A71ADE1661008BAABD /* TimeAdder.h */,
				4FF081A81ADE1661008BAABD /* TimeAdder.mm */,
				4FF081B11ADE1C73008BAABD /* Shuffle.h */,
				4FF081B21ADE1EA6008BAABD /* Shuffle.mm */,
			);
			name = Tool;
			sourceTree = "<group>";
		};
		F1CC300F1AD631C100829240 = {
			isa = PBXGroup;
			children = (
				F1F636811AF1F6F400A9CEC6 /* Bolts.framework */,
				F1F636831AF1F76000A9CEC6 /* FBSDKCoreKit.framework */,
				F1F636841AF1F76000A9CEC6 /* FBSDKShareKit.framework */,
				F1CC301A1AD631C200829240 /* HanziMatching */,
				F1CC30391AD631C200829240 /* HanziMatchingTests */,
				F1CC30191AD631C200829240 /* Products */,
			);
			sourceTree = "<group>";
		};
		F1CC30191AD631C200829240 /* Products */ = {
			isa = PBXGroup;
			children = (
				F1CC30181AD631C200829240 /* HanziMatching.app */,
				F1CC30361AD631C200829240 /* HanziMatchingTests.xctest */,
			);
			name = Products;
			sourceTree = "<group>";
		};
		F1CC301A1AD631C200829240 /* HanziMatching */ = {
			isa = PBXGroup;
			children = (
				4FFD04331AE96E7900CF7582 /* Images.xcassets */,
				F16BDBFA1AE8580E0054D40E /* Sounds */,
				4F93F6B01ADF79E00043265D /* Assets */,
				4FF081A11ADE1641008BAABD /* Model */,
				F1CC301F1AD631C200829240 /* AppDelegate.h */,
				F1CC30201AD631C200829240 /* AppDelegate.m */,
				F1CC302F1AD631C200829240 /* LaunchScreen.xib */,
				F1CC30221AD631C200829240 /* WelcomeScene.h */,
				F1CC30231AD631C200829240 /* WelcomeScene.m */,
				F1CC30271AD631C200829240 /* WelcomeViewController.h */,
				F1CC30281AD631C200829240 /* WelcomeViewController.m */,
				4F44572D1ADF362700F949FD /* DifficultyViewController.h */,
				4F44572E1ADF362700F949FD /* DifficultyViewController.m */,
				4F93F6A91ADF6A1A0043265D /* GameViewController.h */,
				4F93F6AA1ADF6A1A0043265D /* GameViewController.m */,
				4F93F6A61ADF66450043265D /* GameScene.h */,
				4F93F6A71ADF66450043265D /* GameScene.m */,
				F16BDBFC1AE8AC800054D40E /* PopUpViewController.h */,
				F16BDBFD1AE8AC800054D40E /* PopUpViewController.m */,
				F16BDBFE1AE8AC800054D40E /* PopUpViewController.xib */,
				4F91A1F11AF07ABA00D0D047 /* GameEndViewController.h */,
				4F91A1F21AF07ABA00D0D047 /* GameEndViewController.m */,
				F1CC302A1AD631C200829240 /* Main.storyboard */,
				F1CC301B1AD631C200829240 /* Supporting Files */,
			);
			path = HanziMatching;
			sourceTree = "<group>";
		};
		F1CC301B1AD631C200829240 /* Supporting Files */ = {
			isa = PBXGroup;
			children = (
				F1CC301C1AD631C200829240 /* Info.plist */,
				F1CC301D1AD631C200829240 /* main.m */,
			);
			name = "Supporting Files";
			sourceTree = "<group>";
		};
		F1CC30391AD631C200829240 /* HanziMatchingTests */ = {
			isa = PBXGroup;
			children = (
				4FF081B41ADE3290008BAABD /* ToolTests.mm */,
				F1CC305F1AD6323100829240 /* ModelTests */,
				F1CC303C1AD631C200829240 /* HanziMatchingTests.m */,
				F1CC303A1AD631C200829240 /* Supporting Files */,
			);
			path = HanziMatchingTests;
			sourceTree = "<group>";
		};
		F1CC303A1AD631C200829240 /* Supporting Files */ = {
			isa = PBXGroup;
			children = (
				F1CC303B1AD631C200829240 /* Info.plist */,
			);
			name = "Supporting Files";
			sourceTree = "<group>";
		};
		F1CC305F1AD6323100829240 /* ModelTests */ = {
			isa = PBXGroup;
			children = (
				F1CC30601AD6323100829240 /* BoardTests.mm */,
				F1CC30611AD6323100829240 /* GameTests.mm */,
				F1CC30621AD6323100829240 /* PieceTests.mm */,
				F1CC30631AD6323100829240 /* TimerTests.mm */,
			);
			path = ModelTests;
			sourceTree = "<group>";
		};
/* End PBXGroup section */

/* Begin PBXNativeTarget section */
		F1CC30171AD631C200829240 /* HanziMatching */ = {
			isa = PBXNativeTarget;
			buildConfigurationList = F1CC30401AD631C200829240 /* Build configuration list for PBXNativeTarget "HanziMatching" */;
			buildPhases = (
				F1CC30141AD631C200829240 /* Sources */,
				F1CC30151AD631C200829240 /* Frameworks */,
				F1CC30161AD631C200829240 /* Resources */,
			);
			buildRules = (
			);
			dependencies = (
			);
			name = HanziMatching;
			productName = HanziMatching;
			productReference = F1CC30181AD631C200829240 /* HanziMatching.app */;
			productType = "com.apple.product-type.application";
		};
		F1CC30351AD631C200829240 /* HanziMatchingTests */ = {
			isa = PBXNativeTarget;
			buildConfigurationList = F1CC30431AD631C200829240 /* Build configuration list for PBXNativeTarget "HanziMatchingTests" */;
			buildPhases = (
				F1CC30321AD631C200829240 /* Sources */,
				F1CC30331AD631C200829240 /* Frameworks */,
				F1CC30341AD631C200829240 /* Resources */,
			);
			buildRules = (
			);
			dependencies = (
				F1CC30381AD631C200829240 /* PBXTargetDependency */,
			);
			name = HanziMatchingTests;
			productName = HanziMatchingTests;
			productReference = F1CC30361AD631C200829240 /* HanziMatchingTests.xctest */;
			productType = "com.apple.product-type.bundle.unit-test";
		};
/* End PBXNativeTarget section */

/* Begin PBXProject section */
		F1CC30101AD631C100829240 /* Project object */ = {
			isa = PBXProject;
			attributes = {
				LastUpgradeCheck = 0620;
				ORGANIZATIONNAME = HanziMatching;
				TargetAttributes = {
					F1CC30171AD631C200829240 = {
						CreatedOnToolsVersion = 6.2;
					};
					F1CC30351AD631C200829240 = {
						CreatedOnToolsVersion = 6.2;
						TestTargetID = F1CC30171AD631C200829240;
					};
				};
			};
			buildConfigurationList = F1CC30131AD631C100829240 /* Build configuration list for PBXProject "HanziMatching" */;
			compatibilityVersion = "Xcode 3.2";
			developmentRegion = English;
			hasScannedForEncodings = 0;
			knownRegions = (
				en,
				Base,
			);
			mainGroup = F1CC300F1AD631C100829240;
			productRefGroup = F1CC30191AD631C200829240 /* Products */;
			projectDirPath = "";
			projectRoot = "";
			targets = (
				F1CC30171AD631C200829240 /* HanziMatching */,
				F1CC30351AD631C200829240 /* HanziMatchingTests */,
			);
		};
/* End PBXProject section */

/* Begin PBXResourcesBuildPhase section */
		F1CC30161AD631C200829240 /* Resources */ = {
			isa = PBXResourcesBuildPhase;
			buildActionMask = 2147483647;
			files = (
				F16BDBFB1AE8580E0054D40E /* Sounds in Resources */,
				4F93F6B11ADF79E00043265D /* Assets in Resources */,
				4FFD04341AE96E7900CF7582 /* Images.xcassets in Resources */,
				F1CC30311AD631C200829240 /* LaunchScreen.xib in Resources */,
				F1CC302C1AD631C200829240 /* Main.storyboard in Resources */,
				F16BDC001AE8AC800054D40E /* PopUpViewController.xib in Resources */,
			);
			runOnlyForDeploymentPostprocessing = 0;
		};
		F1CC30341AD631C200829240 /* Resources */ = {
			isa = PBXResourcesBuildPhase;
			buildActionMask = 2147483647;
			files = (
			);
			runOnlyForDeploymentPostprocessing = 0;
		};
/* End PBXResourcesBuildPhase section */

/* Begin PBXSourcesBuildPhase section */
		F1CC30141AD631C200829240 /* Sources */ = {
			isa = PBXSourcesBuildPhase;
			buildActionMask = 2147483647;
			files = (
				F1CC30291AD631C200829240 /* WelcomeViewController.m in Sources */,
				4FF081A01ADE163C008BAABD /* Timer.mm in Sources */,
				4FF0819C1ADE163C008BAABD /* Board.mm in Sources */,
				4F91A1F31AF07ABA00D0D047 /* GameEndViewController.m in Sources */,
				4FF081AD1ADE1661008BAABD /* TimeAdder.mm in Sources */,
				F1CC30211AD631C200829240 /* AppDelegate.m in Sources */,
				4F44572F1ADF362700F949FD /* DifficultyViewController.m in Sources */,
				4FF0819E1ADE163C008BAABD /* Pair.m in Sources */,
				4FF081AB1ADE1661008BAABD /* Bomb.mm in Sources */,
				4F93F6AB1ADF6A1A0043265D /* GameViewController.m in Sources */,
				4FF0819D1ADE163C008BAABD /* Game.mm in Sources */,
				F1CC30241AD631C200829240 /* WelcomeScene.m in Sources */,
				F16BDBFF1AE8AC800054D40E /* PopUpViewController.m in Sources */,
				4FF0819F1ADE163C008BAABD /* Piece.mm in Sources */,
				4FF081AE1ADE1661008BAABD /* Tool.mm in Sources */,
				4FF081B31ADE1EA6008BAABD /* Shuffle.mm in Sources */,
				F1CC301E1AD631C200829240 /* main.m in Sources */,
				4F93F6A81ADF66450043265D /* GameScene.m in Sources */,
				4FF081AC1ADE1661008BAABD /* Hint.mm in Sources */,
			);
			runOnlyForDeploymentPostprocessing = 0;
		};
		F1CC30321AD631C200829240 /* Sources */ = {
			isa = PBXSourcesBuildPhase;
			buildActionMask = 2147483647;
			files = (
				F1CC30641AD6323100829240 /* BoardTests.mm in Sources */,
				F1CC30651AD6323100829240 /* GameTests.mm in Sources */,
				F1CC30671AD6323100829240 /* TimerTests.mm in Sources */,
				4FF081B51ADE3290008BAABD /* ToolTests.mm in Sources */,
				F1CC30661AD6323100829240 /* PieceTests.mm in Sources */,
				F1CC303D1AD631C200829240 /* HanziMatchingTests.m in Sources */,
			);
			runOnlyForDeploymentPostprocessing = 0;
		};
/* End PBXSourcesBuildPhase section */

/* Begin PBXTargetDependency section */
		F1CC30381AD631C200829240 /* PBXTargetDependency */ = {
			isa = PBXTargetDependency;
			target = F1CC30171AD631C200829240 /* HanziMatching */;
			targetProxy = F1CC30371AD631C200829240 /* PBXContainerItemProxy */;
		};
/* End PBXTargetDependency section */

/* Begin PBXVariantGroup section */
		F1CC302A1AD631C200829240 /* Main.storyboard */ = {
			isa = PBXVariantGroup;
			children = (
				F1CC302B1AD631C200829240 /* Base */,
			);
			name = Main.storyboard;
			sourceTree = "<group>";
		};
		F1CC302F1AD631C200829240 /* LaunchScreen.xib */ = {
			isa = PBXVariantGroup;
			children = (
				F1CC30301AD631C200829240 /* Base */,
			);
			name = LaunchScreen.xib;
			sourceTree = "<group>";
		};
/* End PBXVariantGroup section */

/* Begin XCBuildConfiguration section */
		F1CC303E1AD631C200829240 /* Debug */ = {
			isa = XCBuildConfiguration;
			buildSettings = {
				ALWAYS_SEARCH_USER_PATHS = NO;
				CLANG_CXX_LANGUAGE_STANDARD = "gnu++0x";
				CLANG_CXX_LIBRARY = "libc++";
				CLANG_ENABLE_MODULES = YES;
				CLANG_ENABLE_OBJC_ARC = YES;
				CLANG_WARN_BOOL_CONVERSION = YES;
				CLANG_WARN_CONSTANT_CONVERSION = YES;
				CLANG_WARN_DIRECT_OBJC_ISA_USAGE = YES_ERROR;
				CLANG_WARN_EMPTY_BODY = YES;
				CLANG_WARN_ENUM_CONVERSION = YES;
				CLANG_WARN_INT_CONVERSION = YES;
				CLANG_WARN_OBJC_ROOT_CLASS = YES_ERROR;
				CLANG_WARN_UNREACHABLE_CODE = YES;
				CLANG_WARN__DUPLICATE_METHOD_MATCH = YES;
				"CODE_SIGN_IDENTITY[sdk=iphoneos*]" = "iPhone Developer";
				COPY_PHASE_STRIP = NO;
				ENABLE_STRICT_OBJC_MSGSEND = YES;
				GCC_C_LANGUAGE_STANDARD = gnu99;
				GCC_DYNAMIC_NO_PIC = NO;
				GCC_OPTIMIZATION_LEVEL = 0;
				GCC_PREPROCESSOR_DEFINITIONS = (
					"DEBUG=1",
					"$(inherited)",
				);
				GCC_SYMBOLS_PRIVATE_EXTERN = NO;
				GCC_WARN_64_TO_32_BIT_CONVERSION = YES;
				GCC_WARN_ABOUT_RETURN_TYPE = YES_ERROR;
				GCC_WARN_UNDECLARED_SELECTOR = YES;
				GCC_WARN_UNINITIALIZED_AUTOS = YES_AGGRESSIVE;
				GCC_WARN_UNUSED_FUNCTION = YES;
				GCC_WARN_UNUSED_VARIABLE = YES;
				IPHONEOS_DEPLOYMENT_TARGET = 8.2;
				MTL_ENABLE_DEBUG_INFO = YES;
				ONLY_ACTIVE_ARCH = YES;
				SDKROOT = iphoneos;
			};
			name = Debug;
		};
		F1CC303F1AD631C200829240 /* Release */ = {
			isa = XCBuildConfiguration;
			buildSettings = {
				ALWAYS_SEARCH_USER_PATHS = NO;
				CLANG_CXX_LANGUAGE_STANDARD = "gnu++0x";
				CLANG_CXX_LIBRARY = "libc++";
				CLANG_ENABLE_MODULES = YES;
				CLANG_ENABLE_OBJC_ARC = YES;
				CLANG_WARN_BOOL_CONVERSION = YES;
				CLANG_WARN_CONSTANT_CONVERSION = YES;
				CLANG_WARN_DIRECT_OBJC_ISA_USAGE = YES_ERROR;
				CLANG_WARN_EMPTY_BODY = YES;
				CLANG_WARN_ENUM_CONVERSION = YES;
				CLANG_WARN_INT_CONVERSION = YES;
				CLANG_WARN_OBJC_ROOT_CLASS = YES_ERROR;
				CLANG_WARN_UNREACHABLE_CODE = YES;
				CLANG_WARN__DUPLICATE_METHOD_MATCH = YES;
				"CODE_SIGN_IDENTITY[sdk=iphoneos*]" = "iPhone Developer";
				COPY_PHASE_STRIP = NO;
				ENABLE_NS_ASSERTIONS = NO;
				ENABLE_STRICT_OBJC_MSGSEND = YES;
				GCC_C_LANGUAGE_STANDARD = gnu99;
				GCC_WARN_64_TO_32_BIT_CONVERSION = YES;
				GCC_WARN_ABOUT_RETURN_TYPE = YES_ERROR;
				GCC_WARN_UNDECLARED_SELECTOR = YES;
				GCC_WARN_UNINITIALIZED_AUTOS = YES_AGGRESSIVE;
				GCC_WARN_UNUSED_FUNCTION = YES;
				GCC_WARN_UNUSED_VARIABLE = YES;
				IPHONEOS_DEPLOYMENT_TARGET = 8.2;
				MTL_ENABLE_DEBUG_INFO = NO;
				SDKROOT = iphoneos;
				VALIDATE_PRODUCT = YES;
			};
			name = Release;
		};
		F1CC30411AD631C200829240 /* Debug */ = {
			isa = XCBuildConfiguration;
			buildSettings = {
				ASSETCATALOG_COMPILER_APPICON_NAME = AppIcon;
				CLANG_ALLOW_NON_MODULAR_INCLUDES_IN_FRAMEWORK_MODULES = NO;
				FRAMEWORK_SEARCH_PATHS = (
					"$(inherited)",
					/Users/Jacqueline/Documents/Develope/iOS/FacebookSDK,
					"$(PROJECT_DIR)",
				);
				INFOPLIST_FILE = HanziMatching/Info.plist;
				LD_RUNPATH_SEARCH_PATHS = "$(inherited) @executable_path/Frameworks";
				PRODUCT_NAME = "$(TARGET_NAME)";
			};
			name = Debug;
		};
		F1CC30421AD631C200829240 /* Release */ = {
			isa = XCBuildConfiguration;
			buildSettings = {
				ASSETCATALOG_COMPILER_APPICON_NAME = AppIcon;
				CLANG_ALLOW_NON_MODULAR_INCLUDES_IN_FRAMEWORK_MODULES = NO;
				FRAMEWORK_SEARCH_PATHS = (
					"$(inherited)",
					/Users/Jacqueline/Documents/Develope/iOS/FacebookSDK,
					"$(PROJECT_DIR)",
				);
				INFOPLIST_FILE = HanziMatching/Info.plist;
				LD_RUNPATH_SEARCH_PATHS = "$(inherited) @executable_path/Frameworks";
				PRODUCT_NAME = "$(TARGET_NAME)";
			};
			name = Release;
		};
		F1CC30441AD631C200829240 /* Debug */ = {
			isa = XCBuildConfiguration;
			buildSettings = {
				BUNDLE_LOADER = "$(TEST_HOST)";
				FRAMEWORK_SEARCH_PATHS = (
					"$(SDKROOT)/Developer/Library/Frameworks",
					"$(inherited)",
				);
				GCC_PREPROCESSOR_DEFINITIONS = (
					"DEBUG=1",
					"$(inherited)",
				);
				INFOPLIST_FILE = HanziMatchingTests/Info.plist;
				LD_RUNPATH_SEARCH_PATHS = "$(inherited) @executable_path/Frameworks @loader_path/Frameworks";
				PRODUCT_NAME = "$(TARGET_NAME)";
				TEST_HOST = "$(BUILT_PRODUCTS_DIR)/HanziMatching.app/HanziMatching";
			};
			name = Debug;
		};
		F1CC30451AD631C200829240 /* Release */ = {
			isa = XCBuildConfiguration;
			buildSettings = {
				BUNDLE_LOADER = "$(TEST_HOST)";
				FRAMEWORK_SEARCH_PATHS = (
					"$(SDKROOT)/Developer/Library/Frameworks",
					"$(inherited)",
				);
				INFOPLIST_FILE = HanziMatchingTests/Info.plist;
				LD_RUNPATH_SEARCH_PATHS = "$(inherited) @executable_path/Frameworks @loader_path/Frameworks";
				PRODUCT_NAME = "$(TARGET_NAME)";
				TEST_HOST = "$(BUILT_PRODUCTS_DIR)/HanziMatching.app/HanziMatching";
			};
			name = Release;
		};
/* End XCBuildConfiguration section */

/* Begin XCConfigurationList section */
		F1CC30131AD631C100829240 /* Build configuration list for PBXProject "HanziMatching" */ = {
			isa = XCConfigurationList;
			buildConfigurations = (
				F1CC303E1AD631C200829240 /* Debug */,
				F1CC303F1AD631C200829240 /* Release */,
			);
			defaultConfigurationIsVisible = 0;
			defaultConfigurationName = Release;
		};
		F1CC30401AD631C200829240 /* Build configuration list for PBXNativeTarget "HanziMatching" */ = {
			isa = XCConfigurationList;
			buildConfigurations = (
				F1CC30411AD631C200829240 /* Debug */,
				F1CC30421AD631C200829240 /* Release */,
			);
			defaultConfigurationIsVisible = 0;
			defaultConfigurationName = Release;
		};
		F1CC30431AD631C200829240 /* Build configuration list for PBXNativeTarget "HanziMatchingTests" */ = {
			isa = XCConfigurationList;
			buildConfigurations = (
				F1CC30441AD631C200829240 /* Debug */,
				F1CC30451AD631C200829240 /* Release */,
			);
			defaultConfigurationIsVisible = 0;
			defaultConfigurationName = Release;
		};
/* End XCConfigurationList section */
	};
	rootObject = F1CC30101AD631C100829240 /* Project object */;
}
