// !$*UTF8*$!
{
	archiveVersion = 1;
	classes = {
	};
	objectVersion = 46;
	objects = {

/* Begin PBXBuildFile section */
		4FDBE1E01AD4B8EF00EB54EB /* main.m in Sources */ = {isa = PBXBuildFile; fileRef = 4FDBE1DF1AD4B8EF00EB54EB /* main.m */; };
		4FDBE1E31AD4B8EF00EB54EB /* AppDelegate.m in Sources */ = {isa = PBXBuildFile; fileRef = 4FDBE1E21AD4B8EF00EB54EB /* AppDelegate.m */; };
		4FDBE1E61AD4B8EF00EB54EB /* ViewController.m in Sources */ = {isa = PBXBuildFile; fileRef = 4FDBE1E51AD4B8EF00EB54EB /* ViewController.m */; };
		4FDBE1E91AD4B8EF00EB54EB /* Main.storyboard in Resources */ = {isa = PBXBuildFile; fileRef = 4FDBE1E71AD4B8EF00EB54EB /* Main.storyboard */; };
		4FDBE1EB1AD4B8EF00EB54EB /* Images.xcassets in Resources */ = {isa = PBXBuildFile; fileRef = 4FDBE1EA1AD4B8EF00EB54EB /* Images.xcassets */; };
		4FDBE1EE1AD4B8EF00EB54EB /* LaunchScreen.xib in Resources */ = {isa = PBXBuildFile; fileRef = 4FDBE1EC1AD4B8EF00EB54EB /* LaunchScreen.xib */; };
		4FDBE1FA1AD4B8EF00EB54EB /* HanziMatchingTests.m in Sources */ = {isa = PBXBuildFile; fileRef = 4FDBE1F91AD4B8EF00EB54EB /* HanziMatchingTests.m */; };
		4FDBE2181AD4C79600EB54EB /* Board.mm in Sources */ = {isa = PBXBuildFile; fileRef = 4FDBE2151AD4C79600EB54EB /* Board.mm */; };
		4FDBE2191AD4C79600EB54EB /* Piece.mm in Sources */ = {isa = PBXBuildFile; fileRef = 4FDBE2171AD4C79600EB54EB /* Piece.mm */; };
		4FDBE21D1AD59D6F00EB54EB /* Game.mm in Sources */ = {isa = PBXBuildFile; fileRef = 4FDBE21C1AD59D6F00EB54EB /* Game.mm */; };
		F10C51621AD5A0AA00688882 /* BoardTests.mm in Sources */ = {isa = PBXBuildFile; fileRef = F10C515F1AD5A0AA00688882 /* BoardTests.mm */; };
		F10C51631AD5A0AA00688882 /* GameTests.mm in Sources */ = {isa = PBXBuildFile; fileRef = F10C51601AD5A0AA00688882 /* GameTests.mm */; };
		F10C51641AD5A0AA00688882 /* PieceTests.mm in Sources */ = {isa = PBXBuildFile; fileRef = F10C51611AD5A0AA00688882 /* PieceTests.mm */; };
		F10C51681AD5A0FA00688882 /* Timer.mm in Sources */ = {isa = PBXBuildFile; fileRef = F10C51671AD5A0FA00688882 /* Timer.mm */; };
		F10C516B1AD5A11300688882 /* TimerTests.mm in Sources */ = {isa = PBXBuildFile; fileRef = F10C516A1AD5A11300688882 /* TimerTests.mm */; };
/* End PBXBuildFile section */

/* Begin PBXContainerItemProxy section */
		4FDBE1F41AD4B8EF00EB54EB /* PBXContainerItemProxy */ = {
			isa = PBXContainerItemProxy;
			containerPortal = 4FDBE1D21AD4B8EF00EB54EB /* Project object */;
			proxyType = 1;
			remoteGlobalIDString = 4FDBE1D91AD4B8EF00EB54EB;
			remoteInfo = HanziMatching;
		};
/* End PBXContainerItemProxy section */

/* Begin PBXFileReference section */
		4FDBE1DA1AD4B8EF00EB54EB /* HanziMatching.app */ = {isa = PBXFileReference; explicitFileType = wrapper.application; includeInIndex = 0; path = HanziMatching.app; sourceTree = BUILT_PRODUCTS_DIR; };
		4FDBE1DE1AD4B8EF00EB54EB /* Info.plist */ = {isa = PBXFileReference; lastKnownFileType = text.plist.xml; path = Info.plist; sourceTree = "<group>"; };
		4FDBE1DF1AD4B8EF00EB54EB /* main.m */ = {isa = PBXFileReference; lastKnownFileType = sourcecode.c.objc; path = main.m; sourceTree = "<group>"; };
		4FDBE1E11AD4B8EF00EB54EB /* AppDelegate.h */ = {isa = PBXFileReference; lastKnownFileType = sourcecode.c.h; path = AppDelegate.h; sourceTree = "<group>"; };
		4FDBE1E21AD4B8EF00EB54EB /* AppDelegate.m */ = {isa = PBXFileReference; lastKnownFileType = sourcecode.c.objc; path = AppDelegate.m; sourceTree = "<group>"; };
		4FDBE1E41AD4B8EF00EB54EB /* ViewController.h */ = {isa = PBXFileReference; lastKnownFileType = sourcecode.c.h; path = ViewController.h; sourceTree = "<group>"; };
		4FDBE1E51AD4B8EF00EB54EB /* ViewController.m */ = {isa = PBXFileReference; lastKnownFileType = sourcecode.c.objc; path = ViewController.m; sourceTree = "<group>"; };
		4FDBE1E81AD4B8EF00EB54EB /* Base */ = {isa = PBXFileReference; lastKnownFileType = file.storyboard; name = Base; path = Base.lproj/Main.storyboard; sourceTree = "<group>"; };
		4FDBE1EA1AD4B8EF00EB54EB /* Images.xcassets */ = {isa = PBXFileReference; lastKnownFileType = folder.assetcatalog; path = Images.xcassets; sourceTree = "<group>"; };
		4FDBE1ED1AD4B8EF00EB54EB /* Base */ = {isa = PBXFileReference; lastKnownFileType = file.xib; name = Base; path = Base.lproj/LaunchScreen.xib; sourceTree = "<group>"; };
		4FDBE1F31AD4B8EF00EB54EB /* HanziMatchingTests.xctest */ = {isa = PBXFileReference; explicitFileType = wrapper.cfbundle; includeInIndex = 0; path = HanziMatchingTests.xctest; sourceTree = BUILT_PRODUCTS_DIR; };
		4FDBE1F81AD4B8EF00EB54EB /* Info.plist */ = {isa = PBXFileReference; lastKnownFileType = text.plist.xml; path = Info.plist; sourceTree = "<group>"; };
		4FDBE1F91AD4B8EF00EB54EB /* HanziMatchingTests.m */ = {isa = PBXFileReference; lastKnownFileType = sourcecode.c.objc; path = HanziMatchingTests.m; sourceTree = "<group>"; };
		4FDBE2141AD4C79600EB54EB /* Board.h */ = {isa = PBXFileReference; fileEncoding = 4; lastKnownFileType = sourcecode.c.h; name = Board.h; path = HanziMatching/Logic/Board.h; sourceTree = "<group>"; };
		4FDBE2151AD4C79600EB54EB /* Board.mm */ = {isa = PBXFileReference; fileEncoding = 4; lastKnownFileType = sourcecode.cpp.objcpp; name = Board.mm; path = HanziMatching/Logic/Board.mm; sourceTree = "<group>"; };
		4FDBE2161AD4C79600EB54EB /* Piece.h */ = {isa = PBXFileReference; fileEncoding = 4; lastKnownFileType = sourcecode.c.h; name = Piece.h; path = HanziMatching/Logic/Piece.h; sourceTree = "<group>"; };
		4FDBE2171AD4C79600EB54EB /* Piece.mm */ = {isa = PBXFileReference; fileEncoding = 4; lastKnownFileType = sourcecode.cpp.objcpp; name = Piece.mm; path = HanziMatching/Logic/Piece.mm; sourceTree = "<group>"; };
		4FDBE21B1AD59D6F00EB54EB /* Game.h */ = {isa = PBXFileReference; fileEncoding = 4; lastKnownFileType = sourcecode.c.h; name = Game.h; path = HanziMatching/Logic/Game.h; sourceTree = "<group>"; };
		4FDBE21C1AD59D6F00EB54EB /* Game.mm */ = {isa = PBXFileReference; fileEncoding = 4; lastKnownFileType = sourcecode.cpp.objcpp; name = Game.mm; path = HanziMatching/Logic/Game.mm; sourceTree = "<group>"; };
		F10C515F1AD5A0AA00688882 /* BoardTests.mm */ = {isa = PBXFileReference; fileEncoding = 4; lastKnownFileType = sourcecode.cpp.objcpp; name = BoardTests.mm; path = ../../../Desktop/HanziMatching/HanziMatchingTests/BoardTests.mm; sourceTree = "<group>"; };
		F10C51601AD5A0AA00688882 /* GameTests.mm */ = {isa = PBXFileReference; fileEncoding = 4; lastKnownFileType = sourcecode.cpp.objcpp; name = GameTests.mm; path = ../../../Desktop/HanziMatching/HanziMatchingTests/GameTests.mm; sourceTree = "<group>"; };
		F10C51611AD5A0AA00688882 /* PieceTests.mm */ = {isa = PBXFileReference; fileEncoding = 4; lastKnownFileType = sourcecode.cpp.objcpp; name = PieceTests.mm; path = ../../../Desktop/HanziMatching/HanziMatchingTests/PieceTests.mm; sourceTree = "<group>"; };
		F10C51661AD5A0FA00688882 /* Timer.h */ = {isa = PBXFileReference; fileEncoding = 4; lastKnownFileType = sourcecode.c.h; name = Timer.h; path = ../../../Desktop/HanziMatching/HanziMatching/Timer.h; sourceTree = "<group>"; };
		F10C51671AD5A0FA00688882 /* Timer.mm */ = {isa = PBXFileReference; fileEncoding = 4; lastKnownFileType = sourcecode.cpp.objcpp; name = Timer.mm; path = ../../../Desktop/HanziMatching/HanziMatching/Timer.mm; sourceTree = "<group>"; };
		F10C516A1AD5A11300688882 /* TimerTests.mm */ = {isa = PBXFileReference; fileEncoding = 4; lastKnownFileType = sourcecode.cpp.objcpp; name = TimerTests.mm; path = ../../../Desktop/HanziMatching/HanziMatchingTests/TimerTests.mm; sourceTree = "<group>"; };
/* End PBXFileReference section */

/* Begin PBXFrameworksBuildPhase section */
		4FDBE1D71AD4B8EF00EB54EB /* Frameworks */ = {
			isa = PBXFrameworksBuildPhase;
			buildActionMask = 2147483647;
			files = (
			);
			runOnlyForDeploymentPostprocessing = 0;
		};
		4FDBE1F01AD4B8EF00EB54EB /* Frameworks */ = {
			isa = PBXFrameworksBuildPhase;
			buildActionMask = 2147483647;
			files = (
			);
			runOnlyForDeploymentPostprocessing = 0;
		};
/* End PBXFrameworksBuildPhase section */

/* Begin PBXGroup section */
		4FDBE1D11AD4B8EF00EB54EB = {
			isa = PBXGroup;
			children = (
				4FDBE1DC1AD4B8EF00EB54EB /* HanziMatching */,
				4FDBE1F61AD4B8EF00EB54EB /* HanziMatchingTests */,
				4FDBE1DB1AD4B8EF00EB54EB /* Products */,
			);
			sourceTree = "<group>";
		};
		4FDBE1DB1AD4B8EF00EB54EB /* Products */ = {
			isa = PBXGroup;
			children = (
				4FDBE1DA1AD4B8EF00EB54EB /* HanziMatching.app */,
				4FDBE1F31AD4B8EF00EB54EB /* HanziMatchingTests.xctest */,
			);
			name = Products;
			sourceTree = "<group>";
		};
		4FDBE1DC1AD4B8EF00EB54EB /* HanziMatching */ = {
			isa = PBXGroup;
			children = (
				F10C51651AD5A0E900688882 /* Tools */,
				4FDBE21A1AD4C79F00EB54EB /* Logic */,
				4FDBE2041AD4BA0E00EB54EB /* Assets */,
				4FDBE1DD1AD4B8EF00EB54EB /* Supporting Files */,
				4FDBE1E11AD4B8EF00EB54EB /* AppDelegate.h */,
				4FDBE1E21AD4B8EF00EB54EB /* AppDelegate.m */,
				4FDBE1E41AD4B8EF00EB54EB /* ViewController.h */,
				4FDBE1E51AD4B8EF00EB54EB /* ViewController.m */,
				4FDBE1E71AD4B8EF00EB54EB /* Main.storyboard */,
				4FDBE1EA1AD4B8EF00EB54EB /* Images.xcassets */,
				4FDBE1EC1AD4B8EF00EB54EB /* LaunchScreen.xib */,
			);
			path = HanziMatching;
			sourceTree = "<group>";
		};
		4FDBE1DD1AD4B8EF00EB54EB /* Supporting Files */ = {
			isa = PBXGroup;
			children = (
				4FDBE1DE1AD4B8EF00EB54EB /* Info.plist */,
				4FDBE1DF1AD4B8EF00EB54EB /* main.m */,
			);
			name = "Supporting Files";
			sourceTree = "<group>";
		};
		4FDBE1F61AD4B8EF00EB54EB /* HanziMatchingTests */ = {
			isa = PBXGroup;
			children = (
				F10C51691AD5A10000688882 /* ToolsTests */,
				F10C515E1AD5A06A00688882 /* LogicTests */,
				4FDBE1F91AD4B8EF00EB54EB /* HanziMatchingTests.m */,
				4FDBE1F71AD4B8EF00EB54EB /* Supporting Files */,
			);
			path = HanziMatchingTests;
			sourceTree = "<group>";
		};
		4FDBE1F71AD4B8EF00EB54EB /* Supporting Files */ = {
			isa = PBXGroup;
			children = (
				4FDBE1F81AD4B8EF00EB54EB /* Info.plist */,
			);
			name = "Supporting Files";
			sourceTree = "<group>";
		};
		4FDBE2041AD4BA0E00EB54EB /* Assets */ = {
			isa = PBXGroup;
			children = (
				4FDBE2061AD4BA1A00EB54EB /* Images */,
				4FDBE2051AD4BA1400EB54EB /* Fonts */,
			);
			name = Assets;
			sourceTree = "<group>";
		};
		4FDBE2051AD4BA1400EB54EB /* Fonts */ = {
			isa = PBXGroup;
			children = (
			);
			name = Fonts;
			sourceTree = "<group>";
		};
		4FDBE2061AD4BA1A00EB54EB /* Images */ = {
			isa = PBXGroup;
			children = (
			);
			name = Images;
			sourceTree = "<group>";
		};
		4FDBE21A1AD4C79F00EB54EB /* Logic */ = {
			isa = PBXGroup;
			children = (
				4FDBE2141AD4C79600EB54EB /* Board.h */,
				4FDBE2151AD4C79600EB54EB /* Board.mm */,
				4FDBE21B1AD59D6F00EB54EB /* Game.h */,
				4FDBE21C1AD59D6F00EB54EB /* Game.mm */,
				4FDBE2161AD4C79600EB54EB /* Piece.h */,
				4FDBE2171AD4C79600EB54EB /* Piece.mm */,
			);
			name = Logic;
			path = ..;
			sourceTree = "<group>";
		};
		F10C515E1AD5A06A00688882 /* LogicTests */ = {
			isa = PBXGroup;
			children = (
				F10C515F1AD5A0AA00688882 /* BoardTests.mm */,
				F10C51601AD5A0AA00688882 /* GameTests.mm */,
				F10C51611AD5A0AA00688882 /* PieceTests.mm */,
			);
			name = LogicTests;
			sourceTree = "<group>";
		};
		F10C51651AD5A0E900688882 /* Tools */ = {
			isa = PBXGroup;
			children = (
				F10C51661AD5A0FA00688882 /* Timer.h */,
				F10C51671AD5A0FA00688882 /* Timer.mm */,
			);
			name = Tools;
			sourceTree = "<group>";
		};
		F10C51691AD5A10000688882 /* ToolsTests */ = {
			isa = PBXGroup;
			children = (
				F10C516A1AD5A11300688882 /* TimerTests.mm */,
			);
			name = ToolsTests;
			sourceTree = "<group>";
		};
/* End PBXGroup section */

/* Begin PBXNativeTarget section */
		4FDBE1D91AD4B8EF00EB54EB /* HanziMatching */ = {
			isa = PBXNativeTarget;
			buildConfigurationList = 4FDBE1FD1AD4B8EF00EB54EB /* Build configuration list for PBXNativeTarget "HanziMatching" */;
			buildPhases = (
				4FDBE1D61AD4B8EF00EB54EB /* Sources */,
				4FDBE1D71AD4B8EF00EB54EB /* Frameworks */,
				4FDBE1D81AD4B8EF00EB54EB /* Resources */,
			);
			buildRules = (
			);
			dependencies = (
			);
			name = HanziMatching;
			productName = HanziMatching;
			productReference = 4FDBE1DA1AD4B8EF00EB54EB /* HanziMatching.app */;
			productType = "com.apple.product-type.application";
		};
		4FDBE1F21AD4B8EF00EB54EB /* HanziMatchingTests */ = {
			isa = PBXNativeTarget;
			buildConfigurationList = 4FDBE2001AD4B8EF00EB54EB /* Build configuration list for PBXNativeTarget "HanziMatchingTests" */;
			buildPhases = (
				4FDBE1EF1AD4B8EF00EB54EB /* Sources */,
				4FDBE1F01AD4B8EF00EB54EB /* Frameworks */,
				4FDBE1F11AD4B8EF00EB54EB /* Resources */,
			);
			buildRules = (
			);
			dependencies = (
				4FDBE1F51AD4B8EF00EB54EB /* PBXTargetDependency */,
			);
			name = HanziMatchingTests;
			productName = HanziMatchingTests;
			productReference = 4FDBE1F31AD4B8EF00EB54EB /* HanziMatchingTests.xctest */;
			productType = "com.apple.product-type.bundle.unit-test";
		};
/* End PBXNativeTarget section */

/* Begin PBXProject section */
		4FDBE1D21AD4B8EF00EB54EB /* Project object */ = {
			isa = PBXProject;
			attributes = {
				LastUpgradeCheck = 0620;
				ORGANIZATIONNAME = "Hao Zheng";
				TargetAttributes = {
					4FDBE1D91AD4B8EF00EB54EB = {
						CreatedOnToolsVersion = 6.2;
					};
					4FDBE1F21AD4B8EF00EB54EB = {
						CreatedOnToolsVersion = 6.2;
						TestTargetID = 4FDBE1D91AD4B8EF00EB54EB;
					};
				};
			};
			buildConfigurationList = 4FDBE1D51AD4B8EF00EB54EB /* Build configuration list for PBXProject "HanziMatching" */;
			compatibilityVersion = "Xcode 3.2";
			developmentRegion = English;
			hasScannedForEncodings = 0;
			knownRegions = (
				en,
				Base,
			);
			mainGroup = 4FDBE1D11AD4B8EF00EB54EB;
			productRefGroup = 4FDBE1DB1AD4B8EF00EB54EB /* Products */;
			projectDirPath = "";
			projectRoot = "";
			targets = (
				4FDBE1D91AD4B8EF00EB54EB /* HanziMatching */,
				4FDBE1F21AD4B8EF00EB54EB /* HanziMatchingTests */,
			);
		};
/* End PBXProject section */

/* Begin PBXResourcesBuildPhase section */
		4FDBE1D81AD4B8EF00EB54EB /* Resources */ = {
			isa = PBXResourcesBuildPhase;
			buildActionMask = 2147483647;
			files = (
				4FDBE1E91AD4B8EF00EB54EB /* Main.storyboard in Resources */,
				4FDBE1EE1AD4B8EF00EB54EB /* LaunchScreen.xib in Resources */,
				4FDBE1EB1AD4B8EF00EB54EB /* Images.xcassets in Resources */,
			);
			runOnlyForDeploymentPostprocessing = 0;
		};
		4FDBE1F11AD4B8EF00EB54EB /* Resources */ = {
			isa = PBXResourcesBuildPhase;
			buildActionMask = 2147483647;
			files = (
			);
			runOnlyForDeploymentPostprocessing = 0;
		};
/* End PBXResourcesBuildPhase section */

/* Begin PBXSourcesBuildPhase section */
		4FDBE1D61AD4B8EF00EB54EB /* Sources */ = {
			isa = PBXSourcesBuildPhase;
			buildActionMask = 2147483647;
			files = (
				4FDBE2181AD4C79600EB54EB /* Board.mm in Sources */,
				4FDBE1E61AD4B8EF00EB54EB /* ViewController.m in Sources */,
				4FDBE2191AD4C79600EB54EB /* Piece.mm in Sources */,
				4FDBE21D1AD59D6F00EB54EB /* Game.mm in Sources */,
				4FDBE1E31AD4B8EF00EB54EB /* AppDelegate.m in Sources */,
				4FDBE1E01AD4B8EF00EB54EB /* main.m in Sources */,
				F10C51681AD5A0FA00688882 /* Timer.mm in Sources */,
			);
			runOnlyForDeploymentPostprocessing = 0;
		};
		4FDBE1EF1AD4B8EF00EB54EB /* Sources */ = {
			isa = PBXSourcesBuildPhase;
			buildActionMask = 2147483647;
			files = (
				F10C51621AD5A0AA00688882 /* BoardTests.mm in Sources */,
				F10C51631AD5A0AA00688882 /* GameTests.mm in Sources */,
				F10C516B1AD5A11300688882 /* TimerTests.mm in Sources */,
				F10C51641AD5A0AA00688882 /* PieceTests.mm in Sources */,
				4FDBE1FA1AD4B8EF00EB54EB /* HanziMatchingTests.m in Sources */,
			);
			runOnlyForDeploymentPostprocessing = 0;
		};
/* End PBXSourcesBuildPhase section */

/* Begin PBXTargetDependency section */
		4FDBE1F51AD4B8EF00EB54EB /* PBXTargetDependency */ = {
			isa = PBXTargetDependency;
			target = 4FDBE1D91AD4B8EF00EB54EB /* HanziMatching */;
			targetProxy = 4FDBE1F41AD4B8EF00EB54EB /* PBXContainerItemProxy */;
		};
/* End PBXTargetDependency section */

/* Begin PBXVariantGroup section */
		4FDBE1E71AD4B8EF00EB54EB /* Main.storyboard */ = {
			isa = PBXVariantGroup;
			children = (
				4FDBE1E81AD4B8EF00EB54EB /* Base */,
			);
			name = Main.storyboard;
			sourceTree = "<group>";
		};
		4FDBE1EC1AD4B8EF00EB54EB /* LaunchScreen.xib */ = {
			isa = PBXVariantGroup;
			children = (
				4FDBE1ED1AD4B8EF00EB54EB /* Base */,
			);
			name = LaunchScreen.xib;
			sourceTree = "<group>";
		};
/* End PBXVariantGroup section */

/* Begin XCBuildConfiguration section */
		4FDBE1FB1AD4B8EF00EB54EB /* Debug */ = {
			isa = XCBuildConfiguration;
			buildSettings = {
				ALWAYS_SEARCH_USER_PATHS = NO;
				CLANG_CXX_LANGUAGE_STANDARD = "gnu++0x";
				CLANG_CXX_LIBRARY = "libc++";
				CLANG_ENABLE_MODULES = YES;
				CLANG_ENABLE_OBJC_ARC = YES;
				CLANG_WARN_BOOL_CONVERSION = YES;
				CLANG_WARN_CONSTANT_CONVERSION = YES;
				CLANG_WARN_DIRECT_OBJC_ISA_USAGE = YES_ERROR;
				CLANG_WARN_EMPTY_BODY = YES;
				CLANG_WARN_ENUM_CONVERSION = YES;
				CLANG_WARN_INT_CONVERSION = YES;
				CLANG_WARN_OBJC_ROOT_CLASS = YES_ERROR;
				CLANG_WARN_UNREACHABLE_CODE = YES;
				CLANG_WARN__DUPLICATE_METHOD_MATCH = YES;
				"CODE_SIGN_IDENTITY[sdk=iphoneos*]" = "iPhone Developer";
				COPY_PHASE_STRIP = NO;
				ENABLE_STRICT_OBJC_MSGSEND = YES;
				GCC_C_LANGUAGE_STANDARD = gnu99;
				GCC_DYNAMIC_NO_PIC = NO;
				GCC_OPTIMIZATION_LEVEL = 0;
				GCC_PREPROCESSOR_DEFINITIONS = (
					"DEBUG=1",
					"$(inherited)",
				);
				GCC_SYMBOLS_PRIVATE_EXTERN = NO;
				GCC_WARN_64_TO_32_BIT_CONVERSION = YES;
				GCC_WARN_ABOUT_RETURN_TYPE = YES_ERROR;
				GCC_WARN_UNDECLARED_SELECTOR = YES;
				GCC_WARN_UNINITIALIZED_AUTOS = YES_AGGRESSIVE;
				GCC_WARN_UNUSED_FUNCTION = YES;
				GCC_WARN_UNUSED_VARIABLE = YES;
				IPHONEOS_DEPLOYMENT_TARGET = 8.2;
				MTL_ENABLE_DEBUG_INFO = YES;
				ONLY_ACTIVE_ARCH = YES;
				SDKROOT = iphoneos;
				TARGETED_DEVICE_FAMILY = "1,2";
			};
			name = Debug;
		};
		4FDBE1FC1AD4B8EF00EB54EB /* Release */ = {
			isa = XCBuildConfiguration;
			buildSettings = {
				ALWAYS_SEARCH_USER_PATHS = NO;
				CLANG_CXX_LANGUAGE_STANDARD = "gnu++0x";
				CLANG_CXX_LIBRARY = "libc++";
				CLANG_ENABLE_MODULES = YES;
				CLANG_ENABLE_OBJC_ARC = YES;
				CLANG_WARN_BOOL_CONVERSION = YES;
				CLANG_WARN_CONSTANT_CONVERSION = YES;
				CLANG_WARN_DIRECT_OBJC_ISA_USAGE = YES_ERROR;
				CLANG_WARN_EMPTY_BODY = YES;
				CLANG_WARN_ENUM_CONVERSION = YES;
				CLANG_WARN_INT_CONVERSION = YES;
				CLANG_WARN_OBJC_ROOT_CLASS = YES_ERROR;
				CLANG_WARN_UNREACHABLE_CODE = YES;
				CLANG_WARN__DUPLICATE_METHOD_MATCH = YES;
				"CODE_SIGN_IDENTITY[sdk=iphoneos*]" = "iPhone Developer";
				COPY_PHASE_STRIP = NO;
				ENABLE_NS_ASSERTIONS = NO;
				ENABLE_STRICT_OBJC_MSGSEND = YES;
				GCC_C_LANGUAGE_STANDARD = gnu99;
				GCC_WARN_64_TO_32_BIT_CONVERSION = YES;
				GCC_WARN_ABOUT_RETURN_TYPE = YES_ERROR;
				GCC_WARN_UNDECLARED_SELECTOR = YES;
				GCC_WARN_UNINITIALIZED_AUTOS = YES_AGGRESSIVE;
				GCC_WARN_UNUSED_FUNCTION = YES;
				GCC_WARN_UNUSED_VARIABLE = YES;
				IPHONEOS_DEPLOYMENT_TARGET = 8.2;
				MTL_ENABLE_DEBUG_INFO = NO;
				SDKROOT = iphoneos;
				TARGETED_DEVICE_FAMILY = "1,2";
				VALIDATE_PRODUCT = YES;
			};
			name = Release;
		};
		4FDBE1FE1AD4B8EF00EB54EB /* Debug */ = {
			isa = XCBuildConfiguration;
			buildSettings = {
				ASSETCATALOG_COMPILER_APPICON_NAME = AppIcon;
				INFOPLIST_FILE = HanziMatching/Info.plist;
				LD_RUNPATH_SEARCH_PATHS = "$(inherited) @executable_path/Frameworks";
				PRODUCT_NAME = "$(TARGET_NAME)";
			};
			name = Debug;
		};
		4FDBE1FF1AD4B8EF00EB54EB /* Release */ = {
			isa = XCBuildConfiguration;
			buildSettings = {
				ASSETCATALOG_COMPILER_APPICON_NAME = AppIcon;
				INFOPLIST_FILE = HanziMatching/Info.plist;
				LD_RUNPATH_SEARCH_PATHS = "$(inherited) @executable_path/Frameworks";
				PRODUCT_NAME = "$(TARGET_NAME)";
			};
			name = Release;
		};
		4FDBE2011AD4B8EF00EB54EB /* Debug */ = {
			isa = XCBuildConfiguration;
			buildSettings = {
				BUNDLE_LOADER = "$(TEST_HOST)";
				FRAMEWORK_SEARCH_PATHS = (
					"$(SDKROOT)/Developer/Library/Frameworks",
					"$(inherited)",
				);
				GCC_PREPROCESSOR_DEFINITIONS = (
					"DEBUG=1",
					"$(inherited)",
				);
				INFOPLIST_FILE = HanziMatchingTests/Info.plist;
				LD_RUNPATH_SEARCH_PATHS = "$(inherited) @executable_path/Frameworks @loader_path/Frameworks";
				PRODUCT_NAME = "$(TARGET_NAME)";
				TEST_HOST = "$(BUILT_PRODUCTS_DIR)/HanziMatching.app/HanziMatching";
			};
			name = Debug;
		};
		4FDBE2021AD4B8EF00EB54EB /* Release */ = {
			isa = XCBuildConfiguration;
			buildSettings = {
				BUNDLE_LOADER = "$(TEST_HOST)";
				FRAMEWORK_SEARCH_PATHS = (
					"$(SDKROOT)/Developer/Library/Frameworks",
					"$(inherited)",
				);
				INFOPLIST_FILE = HanziMatchingTests/Info.plist;
				LD_RUNPATH_SEARCH_PATHS = "$(inherited) @executable_path/Frameworks @loader_path/Frameworks";
				PRODUCT_NAME = "$(TARGET_NAME)";
				TEST_HOST = "$(BUILT_PRODUCTS_DIR)/HanziMatching.app/HanziMatching";
			};
			name = Release;
		};
/* End XCBuildConfiguration section */

/* Begin XCConfigurationList section */
		4FDBE1D51AD4B8EF00EB54EB /* Build configuration list for PBXProject "HanziMatching" */ = {
			isa = XCConfigurationList;
			buildConfigurations = (
				4FDBE1FB1AD4B8EF00EB54EB /* Debug */,
				4FDBE1FC1AD4B8EF00EB54EB /* Release */,
			);
			defaultConfigurationIsVisible = 0;
			defaultConfigurationName = Release;
		};
		4FDBE1FD1AD4B8EF00EB54EB /* Build configuration list for PBXNativeTarget "HanziMatching" */ = {
			isa = XCConfigurationList;
			buildConfigurations = (
				4FDBE1FE1AD4B8EF00EB54EB /* Debug */,
				4FDBE1FF1AD4B8EF00EB54EB /* Release */,
			);
			defaultConfigurationIsVisible = 0;
			defaultConfigurationName = Release;
		};
		4FDBE2001AD4B8EF00EB54EB /* Build configuration list for PBXNativeTarget "HanziMatchingTests" */ = {
			isa = XCConfigurationList;
			buildConfigurations = (
				4FDBE2011AD4B8EF00EB54EB /* Debug */,
				4FDBE2021AD4B8EF00EB54EB /* Release */,
			);
			defaultConfigurationIsVisible = 0;
			defaultConfigurationName = Release;
		};
/* End XCConfigurationList section */
	};
	rootObject = 4FDBE1D21AD4B8EF00EB54EB /* Project object */;
}
